
Microsoft Visual Studio Solution File, Format Version 12.00
# Visual Studio Version 17
VisualStudioVersion = 17.6.33723.286
MinimumVisualStudioVersion = 16.0.0.0
Project("{9A19103F-16F7-4668-BE54-9A1E7A4F7556}") = "IssueSpotLight.Windows", "IssueSpotLight.Windows\IssueSpotLight.Windows.csproj", "{A067930E-9627-4E32-91CB-8C8FC8E92B62}"
EndProject
Project("{9A19103F-16F7-4668-BE54-9A1E7A4F7556}") = "IssueSpotLight", "IssueSpotLight\IssueSpotLight.csproj", "{7CFEDC08-02DF-41A6-AF37-E0E3B0470888}"
EndProject
Global
	GlobalSection(SolutionConfigurationPlatforms) = preSolution
		Debug|Any CPU = Debug|Any CPU
		Release|Any CPU = Release|Any CPU
	EndGlobalSection
	GlobalSection(ProjectConfigurationPlatforms) = postSolution
		{A067930E-9627-4E32-91CB-8C8FC8E92B62}.Debug|Any CPU.ActiveCfg = Debug|Any CPU
		{A067930E-9627-4E32-91CB-8C8FC8E92B62}.Debug|Any CPU.Build.0 = Debug|Any CPU
		{A067930E-9627-4E32-91CB-8C8FC8E92B62}.Release|Any CPU.ActiveCfg = Release|Any CPU
		{A067930E-9627-4E32-91CB-8C8FC8E92B62}.Release|Any CPU.Build.0 = Release|Any CPU
		{7CFEDC08-02DF-41A6-AF37-E0E3B0470888}.Debug|Any CPU.ActiveCfg = Debug|Any CPU
		{7CFEDC08-02DF-41A6-AF37-E0E3B0470888}.Debug|Any CPU.Build.0 = Debug|Any CPU
		{7CFEDC08-02DF-41A6-AF37-E0E3B0470888}.Release|Any CPU.ActiveCfg = Release|Any CPU
		{7CFEDC08-02DF-41A6-AF37-E0E3B0470888}.Release|Any CPU.Build.0 = Release|Any CPU
	EndGlobalSection
	GlobalSection(SolutionProperties) = preSolution
		HideSolutionNode = FALSE
	EndGlobalSection
EndGlobal
